// !$*UTF8*$!
{
	archiveVersion = 1;
	classes = {
	};
	objectVersion = 46;
	objects = {

/* Begin PBXBuildFile section */
		042067781946233D00D183E0 /* TripLocationTests.swift in Sources */ = {isa = PBXBuildFile; fileRef = 042067771946233D00D183E0 /* TripLocationTests.swift */; };
		043286E419411A0A00396A20 /* AppDelegate.swift in Sources */ = {isa = PBXBuildFile; fileRef = 043286D919411A0A00396A20 /* AppDelegate.swift */; };
		043286E519411A0A00396A20 /* Line.swift in Sources */ = {isa = PBXBuildFile; fileRef = 043286DB19411A0A00396A20 /* Line.swift */; };
		043286E619411A0A00396A20 /* Trip.swift in Sources */ = {isa = PBXBuildFile; fileRef = 043286DC19411A0A00396A20 /* Trip.swift */; };
		043286E719411A0A00396A20 /* TripLeg.swift in Sources */ = {isa = PBXBuildFile; fileRef = 043286DD19411A0A00396A20 /* TripLeg.swift */; };
		043286E819411A0A00396A20 /* TripLocation.swift in Sources */ = {isa = PBXBuildFile; fileRef = 043286DE19411A0A00396A20 /* TripLocation.swift */; };
		043286E919411A0A00396A20 /* VasttrafikAPIManager.swift in Sources */ = {isa = PBXBuildFile; fileRef = 043286E019411A0A00396A20 /* VasttrafikAPIManager.swift */; };
		043286EA19411A0A00396A20 /* DetailViewController.swift in Sources */ = {isa = PBXBuildFile; fileRef = 043286E219411A0A00396A20 /* DetailViewController.swift */; };
		043286EB19411A0A00396A20 /* MasterViewController.swift in Sources */ = {isa = PBXBuildFile; fileRef = 043286E319411A0A00396A20 /* MasterViewController.swift */; };
		043286F01941CDC700396A20 /* APIKey.swift in Sources */ = {isa = PBXBuildFile; fileRef = 043286EF1941CDC700396A20 /* APIKey.swift */; };
		043286F51941D91100396A20 /* DateUtils.swift in Sources */ = {isa = PBXBuildFile; fileRef = 043286F41941D91100396A20 /* DateUtils.swift */; };
		043286F71941E33200396A20 /* UIColor+Hex.swift in Sources */ = {isa = PBXBuildFile; fileRef = 043286F61941E33200396A20 /* UIColor+Hex.swift */; };
		0474254A193F8B1A005A9214 /* Reseplaneraren.xcdatamodeld in Sources */ = {isa = PBXBuildFile; fileRef = 04742548193F8B1A005A9214 /* Reseplaneraren.xcdatamodeld */; };
		04742551193F8B1A005A9214 /* Main.storyboard in Resources */ = {isa = PBXBuildFile; fileRef = 0474254F193F8B1A005A9214 /* Main.storyboard */; };
		04742553193F8B1A005A9214 /* Images.xcassets in Resources */ = {isa = PBXBuildFile; fileRef = 04742552193F8B1A005A9214 /* Images.xcassets */; };
		0474255F193F8B1A005A9214 /* ReseplanerarenTests.swift in Sources */ = {isa = PBXBuildFile; fileRef = 0474255E193F8B1A005A9214 /* ReseplanerarenTests.swift */; };
		04822E371941EE39008C83DA /* TripQuery.swift in Sources */ = {isa = PBXBuildFile; fileRef = 04822E361941EE39008C83DA /* TripQuery.swift */; };
		04FC437F196C5AB6009A5488 /* NotificationCenter.framework in Frameworks */ = {isa = PBXBuildFile; fileRef = 04FC437E196C5AB6009A5488 /* NotificationCenter.framework */; };
		04FC4384196C5AB6009A5488 /* TodayViewController.swift in Sources */ = {isa = PBXBuildFile; fileRef = 04FC4383196C5AB6009A5488 /* TodayViewController.swift */; };
		04FC4386196C5AB6009A5488 /* MainInterface.storyboard in Resources */ = {isa = PBXBuildFile; fileRef = 04FC4385196C5AB6009A5488 /* MainInterface.storyboard */; };
		04FC4389196C5AB6009A5488 /* Time to x.appex in Embed App Extensions */ = {isa = PBXBuildFile; fileRef = 04FC437D196C5AB6009A5488 /* Time to x.appex */; };
		74148E9519F97CEA000B2DD5 /* Trip.swift in Sources */ = {isa = PBXBuildFile; fileRef = 043286DC19411A0A00396A20 /* Trip.swift */; };
		74148E9619F97CED000B2DD5 /* TripLeg.swift in Sources */ = {isa = PBXBuildFile; fileRef = 043286DD19411A0A00396A20 /* TripLeg.swift */; };
		74148E9719F97CF2000B2DD5 /* Line.swift in Sources */ = {isa = PBXBuildFile; fileRef = 043286DB19411A0A00396A20 /* Line.swift */; };
		74148E9819F97CF2000B2DD5 /* TripLocation.swift in Sources */ = {isa = PBXBuildFile; fileRef = 043286DE19411A0A00396A20 /* TripLocation.swift */; };
		74148E9919F97CF2000B2DD5 /* TripQuery.swift in Sources */ = {isa = PBXBuildFile; fileRef = 04822E361941EE39008C83DA /* TripQuery.swift */; };
		74148E9B19F97D68000B2DD5 /* Error.swift in Sources */ = {isa = PBXBuildFile; fileRef = 746DB6CB19F96C39001976B1 /* Error.swift */; };
		74148E9C19F97D68000B2DD5 /* Functional.swift in Sources */ = {isa = PBXBuildFile; fileRef = 746DB6CC19F96C39001976B1 /* Functional.swift */; };
		74148E9D19F97D70000B2DD5 /* JSValue.Accessors.swift in Sources */ = {isa = PBXBuildFile; fileRef = 746DB6CF19F96C39001976B1 /* JSValue.Accessors.swift */; };
		74148E9E19F97D70000B2DD5 /* JSValue.Encodings.swift in Sources */ = {isa = PBXBuildFile; fileRef = 746DB6D019F96C39001976B1 /* JSValue.Encodings.swift */; };
		74148E9F19F97D70000B2DD5 /* JSValue.ErrorHandling.swift in Sources */ = {isa = PBXBuildFile; fileRef = 746DB6D119F96C39001976B1 /* JSValue.ErrorHandling.swift */; };
		74148EA019F97D70000B2DD5 /* JSValue.Indexers.swift in Sources */ = {isa = PBXBuildFile; fileRef = 746DB6D219F96C39001976B1 /* JSValue.Indexers.swift */; };
		74148EA119F97D70000B2DD5 /* JSValue.Literals.swift in Sources */ = {isa = PBXBuildFile; fileRef = 746DB6D319F96C39001976B1 /* JSValue.Literals.swift */; };
		74148EA219F97D70000B2DD5 /* JSValue.Parsing.swift in Sources */ = {isa = PBXBuildFile; fileRef = 746DB6D419F96C39001976B1 /* JSValue.Parsing.swift */; };
		74148EA319F97D70000B2DD5 /* JSValue.swift in Sources */ = {isa = PBXBuildFile; fileRef = 746DB6D519F96C39001976B1 /* JSValue.swift */; };
		74148EA419F97D70000B2DD5 /* ReplayableGenerator.swift in Sources */ = {isa = PBXBuildFile; fileRef = 746DB6D619F96C39001976B1 /* ReplayableGenerator.swift */; };
		74148EA519F97E58000B2DD5 /* UIColor+Hex.swift in Sources */ = {isa = PBXBuildFile; fileRef = 043286F61941E33200396A20 /* UIColor+Hex.swift */; };
		74148EA619F97E73000B2DD5 /* DateUtils.swift in Sources */ = {isa = PBXBuildFile; fileRef = 043286F41941D91100396A20 /* DateUtils.swift */; };
		74148EA719F97E8C000B2DD5 /* APIKey.swift in Sources */ = {isa = PBXBuildFile; fileRef = 043286EF1941CDC700396A20 /* APIKey.swift */; };
		74148EA819F97E8F000B2DD5 /* VasttrafikAPIManager.swift in Sources */ = {isa = PBXBuildFile; fileRef = 043286E019411A0A00396A20 /* VasttrafikAPIManager.swift */; };
		746DB6D719F96C39001976B1 /* Error.swift in Sources */ = {isa = PBXBuildFile; fileRef = 746DB6CB19F96C39001976B1 /* Error.swift */; };
		746DB6D819F96C39001976B1 /* Functional.swift in Sources */ = {isa = PBXBuildFile; fileRef = 746DB6CC19F96C39001976B1 /* Functional.swift */; };
		746DB6D919F96C39001976B1 /* Info.plist in Resources */ = {isa = PBXBuildFile; fileRef = 746DB6CD19F96C39001976B1 /* Info.plist */; };
		746DB6DA19F96C39001976B1 /* JSValue.Accessors.swift in Sources */ = {isa = PBXBuildFile; fileRef = 746DB6CF19F96C39001976B1 /* JSValue.Accessors.swift */; };
		746DB6DB19F96C39001976B1 /* JSValue.Encodings.swift in Sources */ = {isa = PBXBuildFile; fileRef = 746DB6D019F96C39001976B1 /* JSValue.Encodings.swift */; };
		746DB6DC19F96C39001976B1 /* JSValue.ErrorHandling.swift in Sources */ = {isa = PBXBuildFile; fileRef = 746DB6D119F96C39001976B1 /* JSValue.ErrorHandling.swift */; };
		746DB6DD19F96C39001976B1 /* JSValue.Indexers.swift in Sources */ = {isa = PBXBuildFile; fileRef = 746DB6D219F96C39001976B1 /* JSValue.Indexers.swift */; };
		746DB6DE19F96C39001976B1 /* JSValue.Literals.swift in Sources */ = {isa = PBXBuildFile; fileRef = 746DB6D319F96C39001976B1 /* JSValue.Literals.swift */; };
		746DB6DF19F96C39001976B1 /* JSValue.Parsing.swift in Sources */ = {isa = PBXBuildFile; fileRef = 746DB6D419F96C39001976B1 /* JSValue.Parsing.swift */; };
		746DB6E019F96C39001976B1 /* JSValue.swift in Sources */ = {isa = PBXBuildFile; fileRef = 746DB6D519F96C39001976B1 /* JSValue.swift */; };
		746DB6E119F96C39001976B1 /* ReplayableGenerator.swift in Sources */ = {isa = PBXBuildFile; fileRef = 746DB6D619F96C39001976B1 /* ReplayableGenerator.swift */; };
/* End PBXBuildFile section */

/* Begin PBXContainerItemProxy section */
		042067731946143100D183E0 /* PBXContainerItemProxy */ = {
			isa = PBXContainerItemProxy;
			containerPortal = 04742539193F8B1A005A9214 /* Project object */;
			proxyType = 1;
			remoteGlobalIDString = 04742540193F8B1A005A9214;
			remoteInfo = Reseplaneraren;
		};
		042067751946143100D183E0 /* PBXContainerItemProxy */ = {
			isa = PBXContainerItemProxy;
			containerPortal = 04742539193F8B1A005A9214 /* Project object */;
			proxyType = 1;
			remoteGlobalIDString = 04742540193F8B1A005A9214;
			remoteInfo = Reseplaneraren;
		};
		043286B31940E0DA00396A20 /* PBXContainerItemProxy */ = {
			isa = PBXContainerItemProxy;
			containerPortal = 04742539193F8B1A005A9214 /* Project object */;
			proxyType = 1;
			remoteGlobalIDString = 04742540193F8B1A005A9214;
			remoteInfo = Reseplaneraren;
		};
		043286B51940E0DD00396A20 /* PBXContainerItemProxy */ = {
			isa = PBXContainerItemProxy;
			containerPortal = 04742539193F8B1A005A9214 /* Project object */;
			proxyType = 1;
			remoteGlobalIDString = 04742540193F8B1A005A9214;
			remoteInfo = Reseplaneraren;
		};
		04742559193F8B1A005A9214 /* PBXContainerItemProxy */ = {
			isa = PBXContainerItemProxy;
			containerPortal = 04742539193F8B1A005A9214 /* Project object */;
			proxyType = 1;
			remoteGlobalIDString = 04742540193F8B1A005A9214;
			remoteInfo = Reseplaneraren;
		};
		04FC4387196C5AB6009A5488 /* PBXContainerItemProxy */ = {
			isa = PBXContainerItemProxy;
			containerPortal = 04742539193F8B1A005A9214 /* Project object */;
			proxyType = 1;
			remoteGlobalIDString = 04FC437C196C5AB6009A5488;
			remoteInfo = "Time to x";
		};
		04FC438A196C5AB6009A5488 /* PBXContainerItemProxy */ = {
			isa = PBXContainerItemProxy;
			containerPortal = 04742539193F8B1A005A9214 /* Project object */;
			proxyType = 1;
			remoteGlobalIDString = 04FC437C196C5AB6009A5488;
			remoteInfo = "Time to x";
		};
/* End PBXContainerItemProxy section */

/* Begin PBXCopyFilesBuildPhase section */
		04FC438F196C5AB6009A5488 /* Embed App Extensions */ = {
			isa = PBXCopyFilesBuildPhase;
			buildActionMask = 2147483647;
			dstPath = "";
			dstSubfolderSpec = 13;
			files = (
				04FC4389196C5AB6009A5488 /* Time to x.appex in Embed App Extensions */,
			);
			name = "Embed App Extensions";
			runOnlyForDeploymentPostprocessing = 0;
		};
/* End PBXCopyFilesBuildPhase section */

/* Begin PBXFileReference section */
		042067771946233D00D183E0 /* TripLocationTests.swift */ = {isa = PBXFileReference; fileEncoding = 4; lastKnownFileType = sourcecode.swift; path = TripLocationTests.swift; sourceTree = "<group>"; };
		043286D919411A0A00396A20 /* AppDelegate.swift */ = {isa = PBXFileReference; fileEncoding = 4; lastKnownFileType = sourcecode.swift; path = AppDelegate.swift; sourceTree = "<group>"; };
		043286DB19411A0A00396A20 /* Line.swift */ = {isa = PBXFileReference; fileEncoding = 4; lastKnownFileType = sourcecode.swift; path = Line.swift; sourceTree = "<group>"; };
		043286DC19411A0A00396A20 /* Trip.swift */ = {isa = PBXFileReference; fileEncoding = 4; lastKnownFileType = sourcecode.swift; path = Trip.swift; sourceTree = "<group>"; };
		043286DD19411A0A00396A20 /* TripLeg.swift */ = {isa = PBXFileReference; fileEncoding = 4; lastKnownFileType = sourcecode.swift; path = TripLeg.swift; sourceTree = "<group>"; };
		043286DE19411A0A00396A20 /* TripLocation.swift */ = {isa = PBXFileReference; fileEncoding = 4; lastKnownFileType = sourcecode.swift; path = TripLocation.swift; sourceTree = "<group>"; };
		043286E019411A0A00396A20 /* VasttrafikAPIManager.swift */ = {isa = PBXFileReference; fileEncoding = 4; lastKnownFileType = sourcecode.swift; path = VasttrafikAPIManager.swift; sourceTree = "<group>"; };
		043286E219411A0A00396A20 /* DetailViewController.swift */ = {isa = PBXFileReference; fileEncoding = 4; lastKnownFileType = sourcecode.swift; path = DetailViewController.swift; sourceTree = "<group>"; };
		043286E319411A0A00396A20 /* MasterViewController.swift */ = {isa = PBXFileReference; fileEncoding = 4; lastKnownFileType = sourcecode.swift; path = MasterViewController.swift; sourceTree = "<group>"; };
		043286EF1941CDC700396A20 /* APIKey.swift */ = {isa = PBXFileReference; fileEncoding = 4; lastKnownFileType = sourcecode.swift; path = APIKey.swift; sourceTree = "<group>"; };
		043286F41941D91100396A20 /* DateUtils.swift */ = {isa = PBXFileReference; fileEncoding = 4; lastKnownFileType = sourcecode.swift; path = DateUtils.swift; sourceTree = "<group>"; };
		043286F61941E33200396A20 /* UIColor+Hex.swift */ = {isa = PBXFileReference; fileEncoding = 4; lastKnownFileType = sourcecode.swift; path = "UIColor+Hex.swift"; sourceTree = "<group>"; };
		04742541193F8B1A005A9214 /* Reseplaneraren.app */ = {isa = PBXFileReference; explicitFileType = wrapper.application; includeInIndex = 0; path = Reseplaneraren.app; sourceTree = BUILT_PRODUCTS_DIR; };
		04742545193F8B1A005A9214 /* Info.plist */ = {isa = PBXFileReference; lastKnownFileType = text.plist.xml; path = Info.plist; sourceTree = "<group>"; };
		04742549193F8B1A005A9214 /* Reseplaneraren.xcdatamodel */ = {isa = PBXFileReference; lastKnownFileType = wrapper.xcdatamodel; path = Reseplaneraren.xcdatamodel; sourceTree = "<group>"; };
		04742550193F8B1A005A9214 /* Base */ = {isa = PBXFileReference; lastKnownFileType = file.storyboard; name = Base; path = Base.lproj/Main.storyboard; sourceTree = "<group>"; };
		04742552193F8B1A005A9214 /* Images.xcassets */ = {isa = PBXFileReference; lastKnownFileType = folder.assetcatalog; path = Images.xcassets; sourceTree = "<group>"; };
		04742558193F8B1A005A9214 /* ReseplanerarenTests.xctest */ = {isa = PBXFileReference; explicitFileType = wrapper.cfbundle; includeInIndex = 0; path = ReseplanerarenTests.xctest; sourceTree = BUILT_PRODUCTS_DIR; };
		0474255D193F8B1A005A9214 /* Info.plist */ = {isa = PBXFileReference; lastKnownFileType = text.plist.xml; path = Info.plist; sourceTree = "<group>"; };
		0474255E193F8B1A005A9214 /* ReseplanerarenTests.swift */ = {isa = PBXFileReference; lastKnownFileType = sourcecode.swift; path = ReseplanerarenTests.swift; sourceTree = "<group>"; };
		04822E361941EE39008C83DA /* TripQuery.swift */ = {isa = PBXFileReference; fileEncoding = 4; lastKnownFileType = sourcecode.swift; path = TripQuery.swift; sourceTree = "<group>"; };
		04FC437D196C5AB6009A5488 /* Time to x.appex */ = {isa = PBXFileReference; explicitFileType = "wrapper.app-extension"; includeInIndex = 0; path = "Time to x.appex"; sourceTree = BUILT_PRODUCTS_DIR; };
		04FC437E196C5AB6009A5488 /* NotificationCenter.framework */ = {isa = PBXFileReference; lastKnownFileType = wrapper.framework; name = NotificationCenter.framework; path = System/Library/Frameworks/NotificationCenter.framework; sourceTree = SDKROOT; };
		04FC4382196C5AB6009A5488 /* Info.plist */ = {isa = PBXFileReference; lastKnownFileType = text.plist.xml; path = Info.plist; sourceTree = "<group>"; };
		04FC4383196C5AB6009A5488 /* TodayViewController.swift */ = {isa = PBXFileReference; lastKnownFileType = sourcecode.swift; path = TodayViewController.swift; sourceTree = "<group>"; };
		04FC4385196C5AB6009A5488 /* MainInterface.storyboard */ = {isa = PBXFileReference; lastKnownFileType = file.storyboard; path = MainInterface.storyboard; sourceTree = "<group>"; };
		746DB6CB19F96C39001976B1 /* Error.swift */ = {isa = PBXFileReference; fileEncoding = 4; lastKnownFileType = sourcecode.swift; path = Error.swift; sourceTree = "<group>"; };
		746DB6CC19F96C39001976B1 /* Functional.swift */ = {isa = PBXFileReference; fileEncoding = 4; lastKnownFileType = sourcecode.swift; path = Functional.swift; sourceTree = "<group>"; };
		746DB6CD19F96C39001976B1 /* Info.plist */ = {isa = PBXFileReference; fileEncoding = 4; lastKnownFileType = text.plist.xml; path = Info.plist; sourceTree = "<group>"; };
		746DB6CE19F96C39001976B1 /* JSON.h */ = {isa = PBXFileReference; fileEncoding = 4; lastKnownFileType = sourcecode.c.h; path = JSON.h; sourceTree = "<group>"; };
		746DB6CF19F96C39001976B1 /* JSValue.Accessors.swift */ = {isa = PBXFileReference; fileEncoding = 4; lastKnownFileType = sourcecode.swift; path = JSValue.Accessors.swift; sourceTree = "<group>"; };
		746DB6D019F96C39001976B1 /* JSValue.Encodings.swift */ = {isa = PBXFileReference; fileEncoding = 4; lastKnownFileType = sourcecode.swift; path = JSValue.Encodings.swift; sourceTree = "<group>"; };
		746DB6D119F96C39001976B1 /* JSValue.ErrorHandling.swift */ = {isa = PBXFileReference; fileEncoding = 4; lastKnownFileType = sourcecode.swift; path = JSValue.ErrorHandling.swift; sourceTree = "<group>"; };
		746DB6D219F96C39001976B1 /* JSValue.Indexers.swift */ = {isa = PBXFileReference; fileEncoding = 4; lastKnownFileType = sourcecode.swift; path = JSValue.Indexers.swift; sourceTree = "<group>"; };
		746DB6D319F96C39001976B1 /* JSValue.Literals.swift */ = {isa = PBXFileReference; fileEncoding = 4; lastKnownFileType = sourcecode.swift; path = JSValue.Literals.swift; sourceTree = "<group>"; };
		746DB6D419F96C39001976B1 /* JSValue.Parsing.swift */ = {isa = PBXFileReference; fileEncoding = 4; lastKnownFileType = sourcecode.swift; path = JSValue.Parsing.swift; sourceTree = "<group>"; };
		746DB6D519F96C39001976B1 /* JSValue.swift */ = {isa = PBXFileReference; fileEncoding = 4; lastKnownFileType = sourcecode.swift; path = JSValue.swift; sourceTree = "<group>"; };
		746DB6D619F96C39001976B1 /* ReplayableGenerator.swift */ = {isa = PBXFileReference; fileEncoding = 4; lastKnownFileType = sourcecode.swift; path = ReplayableGenerator.swift; sourceTree = "<group>"; };
/* End PBXFileReference section */

/* Begin PBXFrameworksBuildPhase section */
		0474253E193F8B1A005A9214 /* Frameworks */ = {
			isa = PBXFrameworksBuildPhase;
			buildActionMask = 2147483647;
			files = (
			);
			runOnlyForDeploymentPostprocessing = 0;
		};
		04742555193F8B1A005A9214 /* Frameworks */ = {
			isa = PBXFrameworksBuildPhase;
			buildActionMask = 2147483647;
			files = (
			);
			runOnlyForDeploymentPostprocessing = 0;
		};
		04FC437A196C5AB6009A5488 /* Frameworks */ = {
			isa = PBXFrameworksBuildPhase;
			buildActionMask = 2147483647;
			files = (
				04FC437F196C5AB6009A5488 /* NotificationCenter.framework in Frameworks */,
			);
			runOnlyForDeploymentPostprocessing = 0;
		};
/* End PBXFrameworksBuildPhase section */

/* Begin PBXGroup section */
		043286D719411A0A00396A20 /* Classes */ = {
			isa = PBXGroup;
			children = (
				043286F31941D90100396A20 /* Helpers */,
				043286D819411A0A00396A20 /* Application */,
				043286DA19411A0A00396A20 /* Models */,
				043286DF19411A0A00396A20 /* Networking */,
				043286E119411A0A00396A20 /* ViewControllers */,
			);
			path = Classes;
			sourceTree = "<group>";
		};
		043286D819411A0A00396A20 /* Application */ = {
			isa = PBXGroup;
			children = (
				043286D919411A0A00396A20 /* AppDelegate.swift */,
			);
			path = Application;
			sourceTree = "<group>";
		};
		043286DA19411A0A00396A20 /* Models */ = {
			isa = PBXGroup;
			children = (
				043286DB19411A0A00396A20 /* Line.swift */,
				043286DC19411A0A00396A20 /* Trip.swift */,
				043286DD19411A0A00396A20 /* TripLeg.swift */,
				043286DE19411A0A00396A20 /* TripLocation.swift */,
				04822E361941EE39008C83DA /* TripQuery.swift */,
			);
			path = Models;
			sourceTree = "<group>";
		};
		043286DF19411A0A00396A20 /* Networking */ = {
			isa = PBXGroup;
			children = (
				043286E019411A0A00396A20 /* VasttrafikAPIManager.swift */,
			);
			path = Networking;
			sourceTree = "<group>";
		};
		043286E119411A0A00396A20 /* ViewControllers */ = {
			isa = PBXGroup;
			children = (
				043286E219411A0A00396A20 /* DetailViewController.swift */,
				043286E319411A0A00396A20 /* MasterViewController.swift */,
			);
			path = ViewControllers;
			sourceTree = "<group>";
		};
		043286F31941D90100396A20 /* Helpers */ = {
			isa = PBXGroup;
			children = (
				043286F41941D91100396A20 /* DateUtils.swift */,
				043286F61941E33200396A20 /* UIColor+Hex.swift */,
			);
			path = Helpers;
			sourceTree = "<group>";
		};
		04742538193F8B1A005A9214 = {
			isa = PBXGroup;
			children = (
				04742543193F8B1A005A9214 /* Reseplaneraren */,
				0474255B193F8B1A005A9214 /* ReseplanerarenTests */,
				04FC4380196C5AB6009A5488 /* Time to x */,
				04742542193F8B1A005A9214 /* Products */,
				C75EEB0A000B4158A43181D4 /* Frameworks */,
			);
			sourceTree = "<group>";
		};
		04742542193F8B1A005A9214 /* Products */ = {
			isa = PBXGroup;
			children = (
				04742541193F8B1A005A9214 /* Reseplaneraren.app */,
				04742558193F8B1A005A9214 /* ReseplanerarenTests.xctest */,
				04FC437D196C5AB6009A5488 /* Time to x.appex */,
			);
			name = Products;
			sourceTree = "<group>";
		};
		04742543193F8B1A005A9214 /* Reseplaneraren */ = {
			isa = PBXGroup;
			children = (
				747AC88619701439003CB740 /* ExternalFrameworks */,
				043286EF1941CDC700396A20 /* APIKey.swift */,
				043286D719411A0A00396A20 /* Classes */,
				0474254F193F8B1A005A9214 /* Main.storyboard */,
				04742552193F8B1A005A9214 /* Images.xcassets */,
				04742548193F8B1A005A9214 /* Reseplaneraren.xcdatamodeld */,
				04742544193F8B1A005A9214 /* Supporting Files */,
			);
			path = Reseplaneraren;
			sourceTree = "<group>";
		};
		04742544193F8B1A005A9214 /* Supporting Files */ = {
			isa = PBXGroup;
			children = (
				04742545193F8B1A005A9214 /* Info.plist */,
			);
			name = "Supporting Files";
			sourceTree = "<group>";
		};
		0474255B193F8B1A005A9214 /* ReseplanerarenTests */ = {
			isa = PBXGroup;
			children = (
				0474255E193F8B1A005A9214 /* ReseplanerarenTests.swift */,
				0474255C193F8B1A005A9214 /* Supporting Files */,
				042067771946233D00D183E0 /* TripLocationTests.swift */,
			);
			path = ReseplanerarenTests;
			sourceTree = "<group>";
		};
		0474255C193F8B1A005A9214 /* Supporting Files */ = {
			isa = PBXGroup;
			children = (
				0474255D193F8B1A005A9214 /* Info.plist */,
			);
			name = "Supporting Files";
			sourceTree = "<group>";
		};
		04FC4380196C5AB6009A5488 /* Time to x */ = {
			isa = PBXGroup;
			children = (
				04FC4383196C5AB6009A5488 /* TodayViewController.swift */,
				04FC4385196C5AB6009A5488 /* MainInterface.storyboard */,
				04FC4381196C5AB6009A5488 /* Supporting Files */,
			);
			path = "Time to x";
			sourceTree = "<group>";
		};
		04FC4381196C5AB6009A5488 /* Supporting Files */ = {
			isa = PBXGroup;
			children = (
				04FC4382196C5AB6009A5488 /* Info.plist */,
			);
			name = "Supporting Files";
			sourceTree = "<group>";
		};
		746DB6CA19F96C39001976B1 /* JSON */ = {
			isa = PBXGroup;
			children = (
				746DB6CB19F96C39001976B1 /* Error.swift */,
				746DB6CC19F96C39001976B1 /* Functional.swift */,
				746DB6CD19F96C39001976B1 /* Info.plist */,
				746DB6CE19F96C39001976B1 /* JSON.h */,
				746DB6CF19F96C39001976B1 /* JSValue.Accessors.swift */,
				746DB6D019F96C39001976B1 /* JSValue.Encodings.swift */,
				746DB6D119F96C39001976B1 /* JSValue.ErrorHandling.swift */,
				746DB6D219F96C39001976B1 /* JSValue.Indexers.swift */,
				746DB6D319F96C39001976B1 /* JSValue.Literals.swift */,
				746DB6D419F96C39001976B1 /* JSValue.Parsing.swift */,
				746DB6D519F96C39001976B1 /* JSValue.swift */,
				746DB6D619F96C39001976B1 /* ReplayableGenerator.swift */,
			);
			path = JSON;
			sourceTree = "<group>";
		};
		747AC88619701439003CB740 /* ExternalFrameworks */ = {
			isa = PBXGroup;
			children = (
				746DB6CA19F96C39001976B1 /* JSON */,
			);
			path = ExternalFrameworks;
			sourceTree = "<group>";
		};
		C75EEB0A000B4158A43181D4 /* Frameworks */ = {
			isa = PBXGroup;
			children = (
				04FC437E196C5AB6009A5488 /* NotificationCenter.framework */,
			);
			name = Frameworks;
			sourceTree = "<group>";
		};
/* End PBXGroup section */

/* Begin PBXNativeTarget section */
		04742540193F8B1A005A9214 /* Reseplaneraren */ = {
			isa = PBXNativeTarget;
			buildConfigurationList = 04742562193F8B1A005A9214 /* Build configuration list for PBXNativeTarget "Reseplaneraren" */;
			buildPhases = (
				0474253D193F8B1A005A9214 /* Sources */,
				0474253E193F8B1A005A9214 /* Frameworks */,
				0474253F193F8B1A005A9214 /* Resources */,
				04FC438F196C5AB6009A5488 /* Embed App Extensions */,
			);
			buildRules = (
			);
			dependencies = (
				04FC4388196C5AB6009A5488 /* PBXTargetDependency */,
				04FC438B196C5AB6009A5488 /* PBXTargetDependency */,
			);
			name = Reseplaneraren;
			productName = Reseplaneraren;
			productReference = 04742541193F8B1A005A9214 /* Reseplaneraren.app */;
			productType = "com.apple.product-type.application";
		};
		04742557193F8B1A005A9214 /* ReseplanerarenTests */ = {
			isa = PBXNativeTarget;
			buildConfigurationList = 04742565193F8B1A005A9214 /* Build configuration list for PBXNativeTarget "ReseplanerarenTests" */;
			buildPhases = (
				04742554193F8B1A005A9214 /* Sources */,
				04742555193F8B1A005A9214 /* Frameworks */,
				04742556193F8B1A005A9214 /* Resources */,
			);
			buildRules = (
			);
			dependencies = (
				0474255A193F8B1A005A9214 /* PBXTargetDependency */,
				043286B41940E0DA00396A20 /* PBXTargetDependency */,
				043286B61940E0DD00396A20 /* PBXTargetDependency */,
				042067741946143100D183E0 /* PBXTargetDependency */,
				042067761946143100D183E0 /* PBXTargetDependency */,
			);
			name = ReseplanerarenTests;
			productName = ReseplanerarenTests;
			productReference = 04742558193F8B1A005A9214 /* ReseplanerarenTests.xctest */;
			productType = "com.apple.product-type.bundle.unit-test";
		};
		04FC437C196C5AB6009A5488 /* Time to x */ = {
			isa = PBXNativeTarget;
			buildConfigurationList = 04FC438E196C5AB6009A5488 /* Build configuration list for PBXNativeTarget "Time to x" */;
			buildPhases = (
				04FC4379196C5AB6009A5488 /* Sources */,
				04FC437A196C5AB6009A5488 /* Frameworks */,
				04FC437B196C5AB6009A5488 /* Resources */,
			);
			buildRules = (
			);
			dependencies = (
			);
			name = "Time to x";
			productName = "Time to x";
			productReference = 04FC437D196C5AB6009A5488 /* Time to x.appex */;
			productType = "com.apple.product-type.app-extension";
		};
/* End PBXNativeTarget section */

/* Begin PBXProject section */
		04742539193F8B1A005A9214 /* Project object */ = {
			isa = PBXProject;
			attributes = {
				LastUpgradeCheck = 0600;
				ORGANIZATIONNAME = "Johan Larsson";
				TargetAttributes = {
					04742540193F8B1A005A9214 = {
						CreatedOnToolsVersion = 6.0;
					};
					04742557193F8B1A005A9214 = {
						CreatedOnToolsVersion = 6.0;
						TestTargetID = 04742540193F8B1A005A9214;
					};
					04FC437C196C5AB6009A5488 = {
						CreatedOnToolsVersion = 6.0;
						DevelopmentTeam = X23ZFVGL7W;
					};
				};
			};
			buildConfigurationList = 0474253C193F8B1A005A9214 /* Build configuration list for PBXProject "Reseplaneraren" */;
			compatibilityVersion = "Xcode 3.2";
			developmentRegion = English;
			hasScannedForEncodings = 0;
			knownRegions = (
				en,
				Base,
			);
			mainGroup = 04742538193F8B1A005A9214;
			productRefGroup = 04742542193F8B1A005A9214 /* Products */;
			projectDirPath = "";
			projectRoot = "";
			targets = (
				04742540193F8B1A005A9214 /* Reseplaneraren */,
				04742557193F8B1A005A9214 /* ReseplanerarenTests */,
				04FC437C196C5AB6009A5488 /* Time to x */,
			);
		};
/* End PBXProject section */

/* Begin PBXResourcesBuildPhase section */
		0474253F193F8B1A005A9214 /* Resources */ = {
			isa = PBXResourcesBuildPhase;
			buildActionMask = 2147483647;
			files = (
				04742551193F8B1A005A9214 /* Main.storyboard in Resources */,
				04742553193F8B1A005A9214 /* Images.xcassets in Resources */,
				746DB6D919F96C39001976B1 /* Info.plist in Resources */,
			);
			runOnlyForDeploymentPostprocessing = 0;
		};
		04742556193F8B1A005A9214 /* Resources */ = {
			isa = PBXResourcesBuildPhase;
			buildActionMask = 2147483647;
			files = (
			);
			runOnlyForDeploymentPostprocessing = 0;
		};
		04FC437B196C5AB6009A5488 /* Resources */ = {
			isa = PBXResourcesBuildPhase;
			buildActionMask = 2147483647;
			files = (
				04FC4386196C5AB6009A5488 /* MainInterface.storyboard in Resources */,
			);
			runOnlyForDeploymentPostprocessing = 0;
		};
/* End PBXResourcesBuildPhase section */

/* Begin PBXSourcesBuildPhase section */
		0474253D193F8B1A005A9214 /* Sources */ = {
			isa = PBXSourcesBuildPhase;
			buildActionMask = 2147483647;
			files = (
				746DB6DA19F96C39001976B1 /* JSValue.Accessors.swift in Sources */,
				746DB6DB19F96C39001976B1 /* JSValue.Encodings.swift in Sources */,
				043286E619411A0A00396A20 /* Trip.swift in Sources */,
				043286F51941D91100396A20 /* DateUtils.swift in Sources */,
				043286E519411A0A00396A20 /* Line.swift in Sources */,
				746DB6DE19F96C39001976B1 /* JSValue.Literals.swift in Sources */,
				043286E419411A0A00396A20 /* AppDelegate.swift in Sources */,
				043286E719411A0A00396A20 /* TripLeg.swift in Sources */,
				0474254A193F8B1A005A9214 /* Reseplaneraren.xcdatamodeld in Sources */,
				043286EB19411A0A00396A20 /* MasterViewController.swift in Sources */,
				746DB6DC19F96C39001976B1 /* JSValue.ErrorHandling.swift in Sources */,
				043286F01941CDC700396A20 /* APIKey.swift in Sources */,
				043286E819411A0A00396A20 /* TripLocation.swift in Sources */,
				746DB6DD19F96C39001976B1 /* JSValue.Indexers.swift in Sources */,
				043286F71941E33200396A20 /* UIColor+Hex.swift in Sources */,
				043286E919411A0A00396A20 /* VasttrafikAPIManager.swift in Sources */,
				746DB6E019F96C39001976B1 /* JSValue.swift in Sources */,
				043286EA19411A0A00396A20 /* DetailViewController.swift in Sources */,
				746DB6D819F96C39001976B1 /* Functional.swift in Sources */,
				746DB6D719F96C39001976B1 /* Error.swift in Sources */,
				746DB6E119F96C39001976B1 /* ReplayableGenerator.swift in Sources */,
				746DB6DF19F96C39001976B1 /* JSValue.Parsing.swift in Sources */,
				04822E371941EE39008C83DA /* TripQuery.swift in Sources */,
			);
			runOnlyForDeploymentPostprocessing = 0;
		};
		04742554193F8B1A005A9214 /* Sources */ = {
			isa = PBXSourcesBuildPhase;
			buildActionMask = 2147483647;
			files = (
				74148E9D19F97D70000B2DD5 /* JSValue.Accessors.swift in Sources */,
				74148E9B19F97D68000B2DD5 /* Error.swift in Sources */,
				74148EA619F97E73000B2DD5 /* DateUtils.swift in Sources */,
				74148EA319F97D70000B2DD5 /* JSValue.swift in Sources */,
				74148EA519F97E58000B2DD5 /* UIColor+Hex.swift in Sources */,
				74148E9519F97CEA000B2DD5 /* Trip.swift in Sources */,
				74148EA819F97E8F000B2DD5 /* VasttrafikAPIManager.swift in Sources */,
				0474255F193F8B1A005A9214 /* ReseplanerarenTests.swift in Sources */,
				74148EA219F97D70000B2DD5 /* JSValue.Parsing.swift in Sources */,
				74148EA019F97D70000B2DD5 /* JSValue.Indexers.swift in Sources */,
				042067781946233D00D183E0 /* TripLocationTests.swift in Sources */,
				74148EA419F97D70000B2DD5 /* ReplayableGenerator.swift in Sources */,
				74148E9E19F97D70000B2DD5 /* JSValue.Encodings.swift in Sources */,
				74148E9619F97CED000B2DD5 /* TripLeg.swift in Sources */,
				74148E9719F97CF2000B2DD5 /* Line.swift in Sources */,
				74148EA719F97E8C000B2DD5 /* APIKey.swift in Sources */,
				74148EA119F97D70000B2DD5 /* JSValue.Literals.swift in Sources */,
				74148E9C19F97D68000B2DD5 /* Functional.swift in Sources */,
				74148E9F19F97D70000B2DD5 /* JSValue.ErrorHandling.swift in Sources */,
				74148E9819F97CF2000B2DD5 /* TripLocation.swift in Sources */,
				74148E9919F97CF2000B2DD5 /* TripQuery.swift in Sources */,
			);
			runOnlyForDeploymentPostprocessing = 0;
		};
		04FC4379196C5AB6009A5488 /* Sources */ = {
			isa = PBXSourcesBuildPhase;
			buildActionMask = 2147483647;
			files = (
				04FC4384196C5AB6009A5488 /* TodayViewController.swift in Sources */,
			);
			runOnlyForDeploymentPostprocessing = 0;
		};
/* End PBXSourcesBuildPhase section */

/* Begin PBXTargetDependency section */
		042067741946143100D183E0 /* PBXTargetDependency */ = {
			isa = PBXTargetDependency;
			target = 04742540193F8B1A005A9214 /* Reseplaneraren */;
			targetProxy = 042067731946143100D183E0 /* PBXContainerItemProxy */;
		};
		042067761946143100D183E0 /* PBXTargetDependency */ = {
			isa = PBXTargetDependency;
			target = 04742540193F8B1A005A9214 /* Reseplaneraren */;
			targetProxy = 042067751946143100D183E0 /* PBXContainerItemProxy */;
		};
		043286B41940E0DA00396A20 /* PBXTargetDependency */ = {
			isa = PBXTargetDependency;
			target = 04742540193F8B1A005A9214 /* Reseplaneraren */;
			targetProxy = 043286B31940E0DA00396A20 /* PBXContainerItemProxy */;
		};
		043286B61940E0DD00396A20 /* PBXTargetDependency */ = {
			isa = PBXTargetDependency;
			target = 04742540193F8B1A005A9214 /* Reseplaneraren */;
			targetProxy = 043286B51940E0DD00396A20 /* PBXContainerItemProxy */;
		};
		0474255A193F8B1A005A9214 /* PBXTargetDependency */ = {
			isa = PBXTargetDependency;
			target = 04742540193F8B1A005A9214 /* Reseplaneraren */;
			targetProxy = 04742559193F8B1A005A9214 /* PBXContainerItemProxy */;
		};
		04FC4388196C5AB6009A5488 /* PBXTargetDependency */ = {
			isa = PBXTargetDependency;
			target = 04FC437C196C5AB6009A5488 /* Time to x */;
			targetProxy = 04FC4387196C5AB6009A5488 /* PBXContainerItemProxy */;
		};
		04FC438B196C5AB6009A5488 /* PBXTargetDependency */ = {
			isa = PBXTargetDependency;
			target = 04FC437C196C5AB6009A5488 /* Time to x */;
			targetProxy = 04FC438A196C5AB6009A5488 /* PBXContainerItemProxy */;
		};
/* End PBXTargetDependency section */

/* Begin PBXVariantGroup section */
		0474254F193F8B1A005A9214 /* Main.storyboard */ = {
			isa = PBXVariantGroup;
			children = (
				04742550193F8B1A005A9214 /* Base */,
			);
			name = Main.storyboard;
			sourceTree = "<group>";
		};
/* End PBXVariantGroup section */

/* Begin XCBuildConfiguration section */
		04742560193F8B1A005A9214 /* Debug */ = {
			isa = XCBuildConfiguration;
			buildSettings = {
				ALWAYS_SEARCH_USER_PATHS = NO;
				CLANG_CXX_LANGUAGE_STANDARD = "gnu++0x";
				CLANG_CXX_LIBRARY = "libc++";
				CLANG_ENABLE_MODULES = YES;
				CLANG_ENABLE_OBJC_ARC = YES;
				CLANG_WARN_BOOL_CONVERSION = YES;
				CLANG_WARN_CONSTANT_CONVERSION = YES;
				CLANG_WARN_DIRECT_OBJC_ISA_USAGE = YES_ERROR;
				CLANG_WARN_EMPTY_BODY = YES;
				CLANG_WARN_ENUM_CONVERSION = YES;
				CLANG_WARN_INT_CONVERSION = YES;
				CLANG_WARN_OBJC_ROOT_CLASS = YES_ERROR;
				CLANG_WARN_UNREACHABLE_CODE = YES;
				CLANG_WARN__DUPLICATE_METHOD_MATCH = YES;
				"CODE_SIGN_IDENTITY[sdk=iphoneos*]" = "iPhone Developer";
				COPY_PHASE_STRIP = NO;
				ENABLE_STRICT_OBJC_MSGSEND = YES;
				GCC_C_LANGUAGE_STANDARD = gnu99;
				GCC_DYNAMIC_NO_PIC = NO;
				GCC_OPTIMIZATION_LEVEL = 0;
				GCC_PREPROCESSOR_DEFINITIONS = (
					"DEBUG=1",
					"$(inherited)",
				);
				GCC_SYMBOLS_PRIVATE_EXTERN = NO;
				GCC_WARN_64_TO_32_BIT_CONVERSION = YES;
				GCC_WARN_ABOUT_RETURN_TYPE = YES_ERROR;
				GCC_WARN_UNDECLARED_SELECTOR = YES;
				GCC_WARN_UNINITIALIZED_AUTOS = YES_AGGRESSIVE;
				GCC_WARN_UNUSED_FUNCTION = YES;
				GCC_WARN_UNUSED_VARIABLE = YES;
				IPHONEOS_DEPLOYMENT_TARGET = 8.0;
				METAL_ENABLE_DEBUG_INFO = YES;
				ONLY_ACTIVE_ARCH = YES;
				SDKROOT = iphoneos;
				SWIFT_OPTIMIZATION_LEVEL = "-Onone";
				TARGETED_DEVICE_FAMILY = "1,2";
			};
			name = Debug;
		};
		04742561193F8B1A005A9214 /* Release */ = {
			isa = XCBuildConfiguration;
			buildSettings = {
				ALWAYS_SEARCH_USER_PATHS = NO;
				CLANG_CXX_LANGUAGE_STANDARD = "gnu++0x";
				CLANG_CXX_LIBRARY = "libc++";
				CLANG_ENABLE_MODULES = YES;
				CLANG_ENABLE_OBJC_ARC = YES;
				CLANG_WARN_BOOL_CONVERSION = YES;
				CLANG_WARN_CONSTANT_CONVERSION = YES;
				CLANG_WARN_DIRECT_OBJC_ISA_USAGE = YES_ERROR;
				CLANG_WARN_EMPTY_BODY = YES;
				CLANG_WARN_ENUM_CONVERSION = YES;
				CLANG_WARN_INT_CONVERSION = YES;
				CLANG_WARN_OBJC_ROOT_CLASS = YES_ERROR;
				CLANG_WARN_UNREACHABLE_CODE = YES;
				CLANG_WARN__DUPLICATE_METHOD_MATCH = YES;
				"CODE_SIGN_IDENTITY[sdk=iphoneos*]" = "iPhone Developer";
				COPY_PHASE_STRIP = YES;
				ENABLE_NS_ASSERTIONS = NO;
				ENABLE_STRICT_OBJC_MSGSEND = YES;
				GCC_C_LANGUAGE_STANDARD = gnu99;
				GCC_WARN_64_TO_32_BIT_CONVERSION = YES;
				GCC_WARN_ABOUT_RETURN_TYPE = YES_ERROR;
				GCC_WARN_UNDECLARED_SELECTOR = YES;
				GCC_WARN_UNINITIALIZED_AUTOS = YES_AGGRESSIVE;
				GCC_WARN_UNUSED_FUNCTION = YES;
				GCC_WARN_UNUSED_VARIABLE = YES;
				IPHONEOS_DEPLOYMENT_TARGET = 8.0;
				METAL_ENABLE_DEBUG_INFO = NO;
				SDKROOT = iphoneos;
				TARGETED_DEVICE_FAMILY = "1,2";
				VALIDATE_PRODUCT = YES;
			};
			name = Release;
		};
		04742563193F8B1A005A9214 /* Debug */ = {
			isa = XCBuildConfiguration;
			buildSettings = {
				ASSETCATALOG_COMPILER_APPICON_NAME = AppIcon;
				ASSETCATALOG_COMPILER_LAUNCHIMAGE_NAME = LaunchImage;
				INFOPLIST_FILE = Reseplaneraren/Info.plist;
				LD_RUNPATH_SEARCH_PATHS = "$(inherited) @executable_path/Frameworks";
				PRODUCT_NAME = "$(TARGET_NAME)";
				SWIFT_OBJC_BRIDGING_HEADER = "";
			};
			name = Debug;
		};
		04742564193F8B1A005A9214 /* Release */ = {
			isa = XCBuildConfiguration;
			buildSettings = {
				ASSETCATALOG_COMPILER_APPICON_NAME = AppIcon;
				ASSETCATALOG_COMPILER_LAUNCHIMAGE_NAME = LaunchImage;
				INFOPLIST_FILE = Reseplaneraren/Info.plist;
				LD_RUNPATH_SEARCH_PATHS = "$(inherited) @executable_path/Frameworks";
				PRODUCT_NAME = "$(TARGET_NAME)";
				SWIFT_OBJC_BRIDGING_HEADER = "";
			};
			name = Release;
		};
		04742566193F8B1A005A9214 /* Debug */ = {
			isa = XCBuildConfiguration;
			buildSettings = {
				BUNDLE_LOADER = "$(BUILT_PRODUCTS_DIR)/Reseplaneraren.app/Reseplaneraren";
				FRAMEWORK_SEARCH_PATHS = (
					"$(SDKROOT)/Developer/Library/Frameworks",
					"$(inherited)",
				);
				GCC_PREPROCESSOR_DEFINITIONS = (
					"DEBUG=1",
					"$(inherited)",
				);
				INFOPLIST_FILE = ReseplanerarenTests/Info.plist;
				LD_RUNPATH_SEARCH_PATHS = "$(inherited) @executable_path/Frameworks @loader_path/Frameworks";
				METAL_ENABLE_DEBUG_INFO = YES;
				PRODUCT_NAME = "$(TARGET_NAME)";
				TEST_HOST = "$(BUNDLE_LOADER)";
			};
			name = Debug;
		};
		04742567193F8B1A005A9214 /* Release */ = {
			isa = XCBuildConfiguration;
			buildSettings = {
				BUNDLE_LOADER = "$(BUILT_PRODUCTS_DIR)/Reseplaneraren.app/Reseplaneraren";
				FRAMEWORK_SEARCH_PATHS = (
					"$(SDKROOT)/Developer/Library/Frameworks",
					"$(inherited)",
				);
				INFOPLIST_FILE = ReseplanerarenTests/Info.plist;
				LD_RUNPATH_SEARCH_PATHS = "$(inherited) @executable_path/Frameworks @loader_path/Frameworks";
				METAL_ENABLE_DEBUG_INFO = NO;
				PRODUCT_NAME = "$(TARGET_NAME)";
				TEST_HOST = "$(BUNDLE_LOADER)";
			};
			name = Release;
		};
		04FC438C196C5AB6009A5488 /* Debug */ = {
			isa = XCBuildConfiguration;
			buildSettings = {
				CODE_SIGN_IDENTITY = "iPhone Developer";
				"CODE_SIGN_IDENTITY[sdk=iphoneos*]" = "iPhone Developer";
				GCC_PREPROCESSOR_DEFINITIONS = (
					"DEBUG=1",
					"$(inherited)",
				);
				INFOPLIST_FILE = "Time to x/Info.plist";
				LD_RUNPATH_SEARCH_PATHS = "$(inherited) @executable_path/Frameworks @executable_path/../../Frameworks";
				MTL_ENABLE_DEBUG_INFO = YES;
				PRODUCT_NAME = "$(TARGET_NAME)";
				PROVISIONING_PROFILE = "";
				SKIP_INSTALL = YES;
			};
			name = Debug;
		};
		04FC438D196C5AB6009A5488 /* Release */ = {
			isa = XCBuildConfiguration;
			buildSettings = {
				CODE_SIGN_IDENTITY = "iPhone Developer";
				"CODE_SIGN_IDENTITY[sdk=iphoneos*]" = "iPhone Developer";
				INFOPLIST_FILE = "Time to x/Info.plist";
				LD_RUNPATH_SEARCH_PATHS = "$(inherited) @executable_path/Frameworks @executable_path/../../Frameworks";
				MTL_ENABLE_DEBUG_INFO = NO;
				PRODUCT_NAME = "$(TARGET_NAME)";
				PROVISIONING_PROFILE = "";
				SKIP_INSTALL = YES;
			};
			name = Release;
		};
/* End XCBuildConfiguration section */

/* Begin XCConfigurationList section */
		0474253C193F8B1A005A9214 /* Build configuration list for PBXProject "Reseplaneraren" */ = {
			isa = XCConfigurationList;
			buildConfigurations = (
				04742560193F8B1A005A9214 /* Debug */,
				04742561193F8B1A005A9214 /* Release */,
			);
			defaultConfigurationIsVisible = 0;
			defaultConfigurationName = Release;
		};
		04742562193F8B1A005A9214 /* Build configuration list for PBXNativeTarget "Reseplaneraren" */ = {
			isa = XCConfigurationList;
			buildConfigurations = (
				04742563193F8B1A005A9214 /* Debug */,
				04742564193F8B1A005A9214 /* Release */,
			);
			defaultConfigurationIsVisible = 0;
			defaultConfigurationName = Release;
		};
		04742565193F8B1A005A9214 /* Build configuration list for PBXNativeTarget "ReseplanerarenTests" */ = {
			isa = XCConfigurationList;
			buildConfigurations = (
				04742566193F8B1A005A9214 /* Debug */,
				04742567193F8B1A005A9214 /* Release */,
			);
			defaultConfigurationIsVisible = 0;
			defaultConfigurationName = Release;
		};
		04FC438E196C5AB6009A5488 /* Build configuration list for PBXNativeTarget "Time to x" */ = {
			isa = XCConfigurationList;
			buildConfigurations = (
				04FC438C196C5AB6009A5488 /* Debug */,
				04FC438D196C5AB6009A5488 /* Release */,
			);
			defaultConfigurationIsVisible = 0;
			defaultConfigurationName = Release;
		};
/* End XCConfigurationList section */

/* Begin XCVersionGroup section */
		04742548193F8B1A005A9214 /* Reseplaneraren.xcdatamodeld */ = {
			isa = XCVersionGroup;
			children = (
				04742549193F8B1A005A9214 /* Reseplaneraren.xcdatamodel */,
			);
			currentVersion = 04742549193F8B1A005A9214 /* Reseplaneraren.xcdatamodel */;
			path = Reseplaneraren.xcdatamodeld;
			sourceTree = "<group>";
			versionGroupType = wrapper.xcdatamodel;
		};
/* End XCVersionGroup section */
	};
	rootObject = 04742539193F8B1A005A9214 /* Project object */;
}
